
Microsoft Visual Studio Solution File, Format Version 12.00
# Visual Studio 2013
VisualStudioVersion = 12.0.21005.1
MinimumVisualStudioVersion = 10.0.40219.1
Project("{8BC9CEB8-8B4A-11D0-8D11-00A0C91BC942}") = "Generater", "Generater\Generater.vcxproj", "{EC7778C1-7E5C-4202-BE4F-5FA03B3D56F2}"
EndProject
Project("{8BC9CEB8-8B4A-11D0-8D11-00A0C91BC942}") = "Decode", "Decode\Decode.vcxproj", "{031D473F-4C52-4F57-9DA9-671708966FA7}"
EndProject
Global
	GlobalSection(SolutionConfigurationPlatforms) = preSolution
		Debug|Win32 = Debug|Win32
		Release|Win32 = Release|Win32
	EndGlobalSection
	GlobalSection(ProjectConfigurationPlatforms) = postSolution
		{EC7778C1-7E5C-4202-BE4F-5FA03B3D56F2}.Debug|Win32.ActiveCfg = Debug|Win32
		{EC7778C1-7E5C-4202-BE4F-5FA03B3D56F2}.Debug|Win32.Build.0 = Debug|Win32
		{EC7778C1-7E5C-4202-BE4F-5FA03B3D56F2}.Release|Win32.ActiveCfg = Release|Win32
		{EC7778C1-7E5C-4202-BE4F-5FA03B3D56F2}.Release|Win32.Build.0 = Release|Win32
		{031D473F-4C52-4F57-9DA9-671708966FA7}.Debug|Win32.ActiveCfg = Debug|Win32
		{031D473F-4C52-4F57-9DA9-671708966FA7}.Debug|Win32.Build.0 = Debug|Win32
		{031D473F-4C52-4F57-9DA9-671708966FA7}.Release|Win32.ActiveCfg = Release|Win32
		{031D473F-4C52-4F57-9DA9-671708966FA7}.Release|Win32.Build.0 = Release|Win32
	EndGlobalSection
	GlobalSection(SolutionProperties) = preSolution
		HideSolutionNode = FALSE
	EndGlobalSection
EndGlobal
